// !$*UTF8*$!
{
	archiveVersion = 1;
	classes = {
	};
	objectVersion = 55;
	objects = {

/* Begin PBXBuildFile section */
		48773890270924EE00424DF3 /* CourseRow.swift in Sources */ = {isa = PBXBuildFile; fileRef = 4877388F270924EE00424DF3 /* CourseRow.swift */; };
		48773891270924EE00424DF3 /* CourseRow.swift in Sources */ = {isa = PBXBuildFile; fileRef = 4877388F270924EE00424DF3 /* CourseRow.swift */; };
		487738932709274200424DF3 /* CoursesView.swift in Sources */ = {isa = PBXBuildFile; fileRef = 487738922709274200424DF3 /* CoursesView.swift */; };
		487738942709274200424DF3 /* CoursesView.swift in Sources */ = {isa = PBXBuildFile; fileRef = 487738922709274200424DF3 /* CoursesView.swift */; };
		487738962709283700424DF3 /* Sidebar.swift in Sources */ = {isa = PBXBuildFile; fileRef = 487738952709283700424DF3 /* Sidebar.swift */; };
		487738972709283700424DF3 /* Sidebar.swift in Sources */ = {isa = PBXBuildFile; fileRef = 487738952709283700424DF3 /* Sidebar.swift */; };
		4877389B2709304900424DF3 /* CourseItem.swift in Sources */ = {isa = PBXBuildFile; fileRef = 4877389A2709304900424DF3 /* CourseItem.swift */; };
		4877389C2709304900424DF3 /* CourseItem.swift in Sources */ = {isa = PBXBuildFile; fileRef = 4877389A2709304900424DF3 /* CourseItem.swift */; };
		4877389E2709306B00424DF3 /* CourseList.swift in Sources */ = {isa = PBXBuildFile; fileRef = 4877389D2709306B00424DF3 /* CourseList.swift */; };
		4877389F2709306B00424DF3 /* CourseList.swift in Sources */ = {isa = PBXBuildFile; fileRef = 4877389D2709306B00424DF3 /* CourseList.swift */; };
		487738A127093E6E00424DF3 /* Course.swift in Sources */ = {isa = PBXBuildFile; fileRef = 487738A027093E6E00424DF3 /* Course.swift */; };
		487738A227093E6E00424DF3 /* Course.swift in Sources */ = {isa = PBXBuildFile; fileRef = 487738A027093E6E00424DF3 /* Course.swift */; };
		487738A6270943FC00424DF3 /* CloseButton.swift in Sources */ = {isa = PBXBuildFile; fileRef = 487738A5270943FC00424DF3 /* CloseButton.swift */; };
		487738A7270943FC00424DF3 /* CloseButton.swift in Sources */ = {isa = PBXBuildFile; fileRef = 487738A5270943FC00424DF3 /* CloseButton.swift */; };
		487738A92709455E00424DF3 /* CourseDetail.swift in Sources */ = {isa = PBXBuildFile; fileRef = 487738A82709455E00424DF3 /* CourseDetail.swift */; };
		487738AA2709455E00424DF3 /* CourseDetail.swift in Sources */ = {isa = PBXBuildFile; fileRef = 487738A82709455E00424DF3 /* CourseDetail.swift */; };
		487738B22709459D00424DF3 /* LivestreamSection.swift in Sources */ = {isa = PBXBuildFile; fileRef = 487738AB2709459C00424DF3 /* LivestreamSection.swift */; };
		487738B32709459D00424DF3 /* LivestreamSection.swift in Sources */ = {isa = PBXBuildFile; fileRef = 487738AB2709459C00424DF3 /* LivestreamSection.swift */; };
		487738B42709459D00424DF3 /* GradientModel.swift in Sources */ = {isa = PBXBuildFile; fileRef = 487738AC2709459C00424DF3 /* GradientModel.swift */; };
		487738B52709459D00424DF3 /* GradientModel.swift in Sources */ = {isa = PBXBuildFile; fileRef = 487738AC2709459C00424DF3 /* GradientModel.swift */; };
		487738B62709459D00424DF3 /* Tutorial.swift in Sources */ = {isa = PBXBuildFile; fileRef = 487738AD2709459C00424DF3 /* Tutorial.swift */; };
		487738B72709459D00424DF3 /* Tutorial.swift in Sources */ = {isa = PBXBuildFile; fileRef = 487738AD2709459C00424DF3 /* Tutorial.swift */; };
		487738B82709459D00424DF3 /* TutorialSection.swift in Sources */ = {isa = PBXBuildFile; fileRef = 487738AE2709459C00424DF3 /* TutorialSection.swift */; };
		487738B92709459D00424DF3 /* TutorialSection.swift in Sources */ = {isa = PBXBuildFile; fileRef = 487738AE2709459C00424DF3 /* TutorialSection.swift */; };
		487738BA2709459D00424DF3 /* Download.swift in Sources */ = {isa = PBXBuildFile; fileRef = 487738AF2709459C00424DF3 /* Download.swift */; };
		487738BB2709459D00424DF3 /* Download.swift in Sources */ = {isa = PBXBuildFile; fileRef = 487738AF2709459C00424DF3 /* Download.swift */; };
		487738BC2709459D00424DF3 /* Livestream.swift in Sources */ = {isa = PBXBuildFile; fileRef = 487738B02709459C00424DF3 /* Livestream.swift */; };
		487738BD2709459D00424DF3 /* Livestream.swift in Sources */ = {isa = PBXBuildFile; fileRef = 487738B02709459C00424DF3 /* Livestream.swift */; };
		487738BE2709459D00424DF3 /* CourseSection.swift in Sources */ = {isa = PBXBuildFile; fileRef = 487738B12709459C00424DF3 /* CourseSection.swift */; };
		487738BF2709459D00424DF3 /* CourseSection.swift in Sources */ = {isa = PBXBuildFile; fileRef = 487738B12709459C00424DF3 /* CourseSection.swift */; };
		487738C12709476000424DF3 /* VisualEffectBlur.swift in Sources */ = {isa = PBXBuildFile; fileRef = 487738C02709476000424DF3 /* VisualEffectBlur.swift */; };
		487738C32709477200424DF3 /* VisualEffectBlur.swift in Sources */ = {isa = PBXBuildFile; fileRef = 487738C22709477200424DF3 /* VisualEffectBlur.swift */; };
		487738C527094A6F00424DF3 /* TabBar.swift in Sources */ = {isa = PBXBuildFile; fileRef = 487738C427094A6E00424DF3 /* TabBar.swift */; };
		487738C727094C1500424DF3 /* CourseSectionDetail.swift in Sources */ = {isa = PBXBuildFile; fileRef = 487738C627094C1400424DF3 /* CourseSectionDetail.swift */; };
		487738C827094C3B00424DF3 /* CourseSectionDetail.swift in Sources */ = {isa = PBXBuildFile; fileRef = 487738C627094C1400424DF3 /* CourseSectionDetail.swift */; };
		487738CE27094E9300424DF3 /* LibraryContent.swift in Sources */ = {isa = PBXBuildFile; fileRef = 487738CB27094E9300424DF3 /* LibraryContent.swift */; };
		487738CF27094E9300424DF3 /* LibraryContent.swift in Sources */ = {isa = PBXBuildFile; fileRef = 487738CB27094E9300424DF3 /* LibraryContent.swift */; };
		487738D727094FCE00424DF3 /* WidgetKit.framework in Frameworks */ = {isa = PBXBuildFile; fileRef = 487738D627094FCE00424DF3 /* WidgetKit.framework */; platformFilter = maccatalyst; };
		487738D927094FCE00424DF3 /* SwiftUI.framework in Frameworks */ = {isa = PBXBuildFile; fileRef = 487738D827094FCE00424DF3 /* SwiftUI.framework */; platformFilter = maccatalyst; };
		487738DC27094FCE00424DF3 /* DesignCodeWidget.swift in Sources */ = {isa = PBXBuildFile; fileRef = 487738DB27094FCE00424DF3 /* DesignCodeWidget.swift */; };
		487738DF27094FD200424DF3 /* Assets.xcassets in Resources */ = {isa = PBXBuildFile; fileRef = 487738DE27094FD200424DF3 /* Assets.xcassets */; };
		487738E127094FD200424DF3 /* DesignCodeWidget.intentdefinition in Sources */ = {isa = PBXBuildFile; fileRef = 487738DD27094FCE00424DF3 /* DesignCodeWidget.intentdefinition */; };
		487738E227094FD200424DF3 /* DesignCodeWidget.intentdefinition in Sources */ = {isa = PBXBuildFile; fileRef = 487738DD27094FCE00424DF3 /* DesignCodeWidget.intentdefinition */; };
		487738E527094FD200424DF3 /* DesignCodeWidgetExtension.appex in Embed App Extensions */ = {isa = PBXBuildFile; fileRef = 487738D427094FCE00424DF3 /* DesignCodeWidgetExtension.appex */; settings = {ATTRIBUTES = (RemoveHeadersOnCopy, ); }; };
		487738EA270950E500424DF3 /* CourseSection.swift in Sources */ = {isa = PBXBuildFile; fileRef = 487738B12709459C00424DF3 /* CourseSection.swift */; };
		487738EB2709510B00424DF3 /* Assets.xcassets in Resources */ = {isa = PBXBuildFile; fileRef = 48CACD1E27054C9100488335 /* Assets.xcassets */; };
		487738ED2709521700424DF3 /* CourseRow.swift in Sources */ = {isa = PBXBuildFile; fileRef = 4877388F270924EE00424DF3 /* CourseRow.swift */; };
		48CACD2C27054C9100488335 /* DesignCodeApp.swift in Sources */ = {isa = PBXBuildFile; fileRef = 48CACD1C27054C8E00488335 /* DesignCodeApp.swift */; };
		48CACD2D27054C9100488335 /* DesignCodeApp.swift in Sources */ = {isa = PBXBuildFile; fileRef = 48CACD1C27054C8E00488335 /* DesignCodeApp.swift */; };
		48CACD2E27054C9100488335 /* ContentView.swift in Sources */ = {isa = PBXBuildFile; fileRef = 48CACD1D27054C8E00488335 /* ContentView.swift */; };
		48CACD2F27054C9100488335 /* ContentView.swift in Sources */ = {isa = PBXBuildFile; fileRef = 48CACD1D27054C8E00488335 /* ContentView.swift */; };
		48CACD3027054C9100488335 /* Assets.xcassets in Resources */ = {isa = PBXBuildFile; fileRef = 48CACD1E27054C9100488335 /* Assets.xcassets */; };
		48CACD3127054C9100488335 /* Assets.xcassets in Resources */ = {isa = PBXBuildFile; fileRef = 48CACD1E27054C9100488335 /* Assets.xcassets */; };
/* End PBXBuildFile section */

/* Begin PBXContainerItemProxy section */
		487738E327094FD200424DF3 /* PBXContainerItemProxy */ = {
			isa = PBXContainerItemProxy;
			containerPortal = 48CACD1727054C8E00488335 /* Project object */;
			proxyType = 1;
			remoteGlobalIDString = 487738D327094FCE00424DF3;
			remoteInfo = DesignCodeWidgetExtension;
		};
/* End PBXContainerItemProxy section */

/* Begin PBXCopyFilesBuildPhase section */
		487738E927094FD200424DF3 /* Embed App Extensions */ = {
			isa = PBXCopyFilesBuildPhase;
			buildActionMask = 2147483647;
			dstPath = "";
			dstSubfolderSpec = 13;
			files = (
				487738E527094FD200424DF3 /* DesignCodeWidgetExtension.appex in Embed App Extensions */,
			);
			name = "Embed App Extensions";
			runOnlyForDeploymentPostprocessing = 0;
		};
/* End PBXCopyFilesBuildPhase section */

/* Begin PBXFileReference section */
		4877388F270924EE00424DF3 /* CourseRow.swift */ = {isa = PBXFileReference; lastKnownFileType = sourcecode.swift; path = CourseRow.swift; sourceTree = "<group>"; };
		487738922709274200424DF3 /* CoursesView.swift */ = {isa = PBXFileReference; lastKnownFileType = sourcecode.swift; path = CoursesView.swift; sourceTree = "<group>"; };
		487738952709283700424DF3 /* Sidebar.swift */ = {isa = PBXFileReference; lastKnownFileType = sourcecode.swift; path = Sidebar.swift; sourceTree = "<group>"; };
		4877389A2709304900424DF3 /* CourseItem.swift */ = {isa = PBXFileReference; lastKnownFileType = sourcecode.swift; path = CourseItem.swift; sourceTree = "<group>"; };
		4877389D2709306B00424DF3 /* CourseList.swift */ = {isa = PBXFileReference; lastKnownFileType = sourcecode.swift; path = CourseList.swift; sourceTree = "<group>"; };
		487738A027093E6E00424DF3 /* Course.swift */ = {isa = PBXFileReference; lastKnownFileType = sourcecode.swift; path = Course.swift; sourceTree = "<group>"; };
		487738A5270943FC00424DF3 /* CloseButton.swift */ = {isa = PBXFileReference; lastKnownFileType = sourcecode.swift; path = CloseButton.swift; sourceTree = "<group>"; };
		487738A82709455E00424DF3 /* CourseDetail.swift */ = {isa = PBXFileReference; lastKnownFileType = sourcecode.swift; path = CourseDetail.swift; sourceTree = "<group>"; };
		487738AB2709459C00424DF3 /* LivestreamSection.swift */ = {isa = PBXFileReference; fileEncoding = 4; lastKnownFileType = sourcecode.swift; path = LivestreamSection.swift; sourceTree = "<group>"; };
		487738AC2709459C00424DF3 /* GradientModel.swift */ = {isa = PBXFileReference; fileEncoding = 4; lastKnownFileType = sourcecode.swift; path = GradientModel.swift; sourceTree = "<group>"; };
		487738AD2709459C00424DF3 /* Tutorial.swift */ = {isa = PBXFileReference; fileEncoding = 4; lastKnownFileType = sourcecode.swift; path = Tutorial.swift; sourceTree = "<group>"; };
		487738AE2709459C00424DF3 /* TutorialSection.swift */ = {isa = PBXFileReference; fileEncoding = 4; lastKnownFileType = sourcecode.swift; path = TutorialSection.swift; sourceTree = "<group>"; };
		487738AF2709459C00424DF3 /* Download.swift */ = {isa = PBXFileReference; fileEncoding = 4; lastKnownFileType = sourcecode.swift; path = Download.swift; sourceTree = "<group>"; };
		487738B02709459C00424DF3 /* Livestream.swift */ = {isa = PBXFileReference; fileEncoding = 4; lastKnownFileType = sourcecode.swift; path = Livestream.swift; sourceTree = "<group>"; };
		487738B12709459C00424DF3 /* CourseSection.swift */ = {isa = PBXFileReference; fileEncoding = 4; lastKnownFileType = sourcecode.swift; path = CourseSection.swift; sourceTree = "<group>"; };
		487738C02709476000424DF3 /* VisualEffectBlur.swift */ = {isa = PBXFileReference; fileEncoding = 4; lastKnownFileType = sourcecode.swift; path = VisualEffectBlur.swift; sourceTree = "<group>"; };
		487738C22709477200424DF3 /* VisualEffectBlur.swift */ = {isa = PBXFileReference; fileEncoding = 4; lastKnownFileType = sourcecode.swift; path = VisualEffectBlur.swift; sourceTree = "<group>"; };
		487738C427094A6E00424DF3 /* TabBar.swift */ = {isa = PBXFileReference; fileEncoding = 4; lastKnownFileType = sourcecode.swift; path = TabBar.swift; sourceTree = "<group>"; };
		487738C627094C1400424DF3 /* CourseSectionDetail.swift */ = {isa = PBXFileReference; fileEncoding = 4; lastKnownFileType = sourcecode.swift; path = CourseSectionDetail.swift; sourceTree = "<group>"; };
		487738CB27094E9300424DF3 /* LibraryContent.swift */ = {isa = PBXFileReference; fileEncoding = 4; lastKnownFileType = sourcecode.swift; path = LibraryContent.swift; sourceTree = "<group>"; };
		487738D427094FCE00424DF3 /* DesignCodeWidgetExtension.appex */ = {isa = PBXFileReference; explicitFileType = "wrapper.app-extension"; includeInIndex = 0; path = DesignCodeWidgetExtension.appex; sourceTree = BUILT_PRODUCTS_DIR; };
		487738D627094FCE00424DF3 /* WidgetKit.framework */ = {isa = PBXFileReference; lastKnownFileType = wrapper.framework; name = WidgetKit.framework; path = System/Library/Frameworks/WidgetKit.framework; sourceTree = SDKROOT; };
		487738D827094FCE00424DF3 /* SwiftUI.framework */ = {isa = PBXFileReference; lastKnownFileType = wrapper.framework; name = SwiftUI.framework; path = System/Library/Frameworks/SwiftUI.framework; sourceTree = SDKROOT; };
		487738DB27094FCE00424DF3 /* DesignCodeWidget.swift */ = {isa = PBXFileReference; lastKnownFileType = sourcecode.swift; path = DesignCodeWidget.swift; sourceTree = "<group>"; };
		487738DD27094FCE00424DF3 /* DesignCodeWidget.intentdefinition */ = {isa = PBXFileReference; lastKnownFileType = file.intentdefinition; path = DesignCodeWidget.intentdefinition; sourceTree = "<group>"; };
		487738DE27094FD200424DF3 /* Assets.xcassets */ = {isa = PBXFileReference; lastKnownFileType = folder.assetcatalog; path = Assets.xcassets; sourceTree = "<group>"; };
		487738E027094FD200424DF3 /* Info.plist */ = {isa = PBXFileReference; lastKnownFileType = text.plist.xml; path = Info.plist; sourceTree = "<group>"; };
		48CACD1C27054C8E00488335 /* DesignCodeApp.swift */ = {isa = PBXFileReference; lastKnownFileType = sourcecode.swift; path = DesignCodeApp.swift; sourceTree = "<group>"; };
		48CACD1D27054C8E00488335 /* ContentView.swift */ = {isa = PBXFileReference; lastKnownFileType = sourcecode.swift; path = ContentView.swift; sourceTree = "<group>"; };
		48CACD1E27054C9100488335 /* Assets.xcassets */ = {isa = PBXFileReference; lastKnownFileType = folder.assetcatalog; path = Assets.xcassets; sourceTree = "<group>"; };
		48CACD2327054C9100488335 /* DesignCode.app */ = {isa = PBXFileReference; explicitFileType = wrapper.application; includeInIndex = 0; path = DesignCode.app; sourceTree = BUILT_PRODUCTS_DIR; };
		48CACD2927054C9100488335 /* DesignCode.app */ = {isa = PBXFileReference; explicitFileType = wrapper.application; includeInIndex = 0; path = DesignCode.app; sourceTree = BUILT_PRODUCTS_DIR; };
		48CACD2B27054C9100488335 /* macOS.entitlements */ = {isa = PBXFileReference; lastKnownFileType = text.plist.entitlements; path = macOS.entitlements; sourceTree = "<group>"; };
/* End PBXFileReference section */

/* Begin PBXFrameworksBuildPhase section */
		487738D127094FCE00424DF3 /* Frameworks */ = {
			isa = PBXFrameworksBuildPhase;
			buildActionMask = 2147483647;
			files = (
				487738D927094FCE00424DF3 /* SwiftUI.framework in Frameworks */,
				487738D727094FCE00424DF3 /* WidgetKit.framework in Frameworks */,
			);
			runOnlyForDeploymentPostprocessing = 0;
		};
		48CACD2027054C9100488335 /* Frameworks */ = {
			isa = PBXFrameworksBuildPhase;
			buildActionMask = 2147483647;
			files = (
			);
			runOnlyForDeploymentPostprocessing = 0;
		};
		48CACD2627054C9100488335 /* Frameworks */ = {
			isa = PBXFrameworksBuildPhase;
			buildActionMask = 2147483647;
			files = (
			);
			runOnlyForDeploymentPostprocessing = 0;
		};
/* End PBXFrameworksBuildPhase section */

/* Begin PBXGroup section */
		487738982709300200424DF3 /* Navigation */ = {
			isa = PBXGroup;
			children = (
				48CACD1D27054C8E00488335 /* ContentView.swift */,
				487738C427094A6E00424DF3 /* TabBar.swift */,
				487738952709283700424DF3 /* Sidebar.swift */,
			);
			path = Navigation;
			sourceTree = "<group>";
		};
		487738992709301900424DF3 /* Items */ = {
			isa = PBXGroup;
			children = (
				4877388F270924EE00424DF3 /* CourseRow.swift */,
				4877389A2709304900424DF3 /* CourseItem.swift */,
			);
			path = Items;
			sourceTree = "<group>";
		};
		487738A32709401800424DF3 /* Model */ = {
			isa = PBXGroup;
			children = (
				487738A027093E6E00424DF3 /* Course.swift */,
				487738B12709459C00424DF3 /* CourseSection.swift */,
				487738AF2709459C00424DF3 /* Download.swift */,
				487738AC2709459C00424DF3 /* GradientModel.swift */,
				487738B02709459C00424DF3 /* Livestream.swift */,
				487738AB2709459C00424DF3 /* LivestreamSection.swift */,
				487738AD2709459C00424DF3 /* Tutorial.swift */,
				487738AE2709459C00424DF3 /* TutorialSection.swift */,
			);
			path = Model;
			sourceTree = "<group>";
		};
		487738A42709409300424DF3 /* View */ = {
			isa = PBXGroup;
			children = (
				4877389D2709306B00424DF3 /* CourseList.swift */,
				487738922709274200424DF3 /* CoursesView.swift */,
				487738A82709455E00424DF3 /* CourseDetail.swift */,
				487738C627094C1400424DF3 /* CourseSectionDetail.swift */,
			);
			path = View;
			sourceTree = "<group>";
		};
		487738C927094E9300424DF3 /* Library */ = {
			isa = PBXGroup;
			children = (
				487738CB27094E9300424DF3 /* LibraryContent.swift */,
				487738A5270943FC00424DF3 /* CloseButton.swift */,
			);
			path = Library;
			sourceTree = "<group>";
		};
		487738D527094FCE00424DF3 /* Frameworks */ = {
			isa = PBXGroup;
			children = (
				487738D627094FCE00424DF3 /* WidgetKit.framework */,
				487738D827094FCE00424DF3 /* SwiftUI.framework */,
			);
			name = Frameworks;
			sourceTree = "<group>";
		};
		487738DA27094FCE00424DF3 /* DesignCodeWidget */ = {
			isa = PBXGroup;
			children = (
				487738DB27094FCE00424DF3 /* DesignCodeWidget.swift */,
				487738DD27094FCE00424DF3 /* DesignCodeWidget.intentdefinition */,
				487738DE27094FD200424DF3 /* Assets.xcassets */,
				487738E027094FD200424DF3 /* Info.plist */,
			);
			path = DesignCodeWidget;
			sourceTree = "<group>";
		};
		48CACD1627054C8E00488335 = {
			isa = PBXGroup;
			children = (
				48CACD1B27054C8E00488335 /* Shared */,
				48CACD2A27054C9100488335 /* macOS */,
				487738DA27094FCE00424DF3 /* DesignCodeWidget */,
				487738D527094FCE00424DF3 /* Frameworks */,
				48CACD2427054C9100488335 /* Products */,
			);
			sourceTree = "<group>";
		};
		48CACD1B27054C8E00488335 /* Shared */ = {
			isa = PBXGroup;
			children = (
				48CACD1C27054C8E00488335 /* DesignCodeApp.swift */,
				487738C22709477200424DF3 /* VisualEffectBlur.swift */,
				487738C927094E9300424DF3 /* Library */,
				487738A42709409300424DF3 /* View */,
				487738A32709401800424DF3 /* Model */,
				487738992709301900424DF3 /* Items */,
				487738982709300200424DF3 /* Navigation */,
				48CACD1E27054C9100488335 /* Assets.xcassets */,
			);
			path = Shared;
			sourceTree = "<group>";
		};
		48CACD2427054C9100488335 /* Products */ = {
			isa = PBXGroup;
			children = (
				48CACD2327054C9100488335 /* DesignCode.app */,
				48CACD2927054C9100488335 /* DesignCode.app */,
				487738D427094FCE00424DF3 /* DesignCodeWidgetExtension.appex */,
			);
			name = Products;
			sourceTree = "<group>";
		};
		48CACD2A27054C9100488335 /* macOS */ = {
			isa = PBXGroup;
			children = (
				487738C02709476000424DF3 /* VisualEffectBlur.swift */,
				48CACD2B27054C9100488335 /* macOS.entitlements */,
			);
			path = macOS;
			sourceTree = "<group>";
		};
/* End PBXGroup section */

/* Begin PBXNativeTarget section */
		487738D327094FCE00424DF3 /* DesignCodeWidgetExtension */ = {
			isa = PBXNativeTarget;
			buildConfigurationList = 487738E627094FD200424DF3 /* Build configuration list for PBXNativeTarget "DesignCodeWidgetExtension" */;
			buildPhases = (
				487738D027094FCE00424DF3 /* Sources */,
				487738D127094FCE00424DF3 /* Frameworks */,
				487738D227094FCE00424DF3 /* Resources */,
			);
			buildRules = (
			);
			dependencies = (
			);
			name = DesignCodeWidgetExtension;
			productName = DesignCodeWidgetExtension;
			productReference = 487738D427094FCE00424DF3 /* DesignCodeWidgetExtension.appex */;
			productType = "com.apple.product-type.app-extension";
		};
		48CACD2227054C9100488335 /* DesignCode (iOS) */ = {
			isa = PBXNativeTarget;
			buildConfigurationList = 48CACD3427054C9100488335 /* Build configuration list for PBXNativeTarget "DesignCode (iOS)" */;
			buildPhases = (
				48CACD1F27054C9100488335 /* Sources */,
				48CACD2027054C9100488335 /* Frameworks */,
				48CACD2127054C9100488335 /* Resources */,
				487738E927094FD200424DF3 /* Embed App Extensions */,
			);
			buildRules = (
			);
			dependencies = (
				487738E427094FD200424DF3 /* PBXTargetDependency */,
			);
			name = "DesignCode (iOS)";
			productName = "DesignCode (iOS)";
			productReference = 48CACD2327054C9100488335 /* DesignCode.app */;
			productType = "com.apple.product-type.application";
		};
		48CACD2827054C9100488335 /* DesignCode (macOS) */ = {
			isa = PBXNativeTarget;
			buildConfigurationList = 48CACD3727054C9100488335 /* Build configuration list for PBXNativeTarget "DesignCode (macOS)" */;
			buildPhases = (
				48CACD2527054C9100488335 /* Sources */,
				48CACD2627054C9100488335 /* Frameworks */,
				48CACD2727054C9100488335 /* Resources */,
			);
			buildRules = (
			);
			dependencies = (
			);
			name = "DesignCode (macOS)";
			productName = "DesignCode (macOS)";
			productReference = 48CACD2927054C9100488335 /* DesignCode.app */;
			productType = "com.apple.product-type.application";
		};
/* End PBXNativeTarget section */

/* Begin PBXProject section */
		48CACD1727054C8E00488335 /* Project object */ = {
			isa = PBXProject;
			attributes = {
				BuildIndependentTargetsInParallel = 1;
				LastSwiftUpdateCheck = 1300;
				LastUpgradeCheck = 1300;
				TargetAttributes = {
					487738D327094FCE00424DF3 = {
						CreatedOnToolsVersion = 13.0;
					};
					48CACD2227054C9100488335 = {
						CreatedOnToolsVersion = 13.0;
					};
					48CACD2827054C9100488335 = {
						CreatedOnToolsVersion = 13.0;
					};
				};
			};
			buildConfigurationList = 48CACD1A27054C8E00488335 /* Build configuration list for PBXProject "DesignCode" */;
			compatibilityVersion = "Xcode 13.0";
			developmentRegion = en;
			hasScannedForEncodings = 0;
			knownRegions = (
				en,
				Base,
			);
			mainGroup = 48CACD1627054C8E00488335;
			productRefGroup = 48CACD2427054C9100488335 /* Products */;
			projectDirPath = "";
			projectRoot = "";
			targets = (
				48CACD2227054C9100488335 /* DesignCode (iOS) */,
				48CACD2827054C9100488335 /* DesignCode (macOS) */,
				487738D327094FCE00424DF3 /* DesignCodeWidgetExtension */,
			);
		};
/* End PBXProject section */

/* Begin PBXResourcesBuildPhase section */
		487738D227094FCE00424DF3 /* Resources */ = {
			isa = PBXResourcesBuildPhase;
			buildActionMask = 2147483647;
			files = (
				487738EB2709510B00424DF3 /* Assets.xcassets in Resources */,
				487738DF27094FD200424DF3 /* Assets.xcassets in Resources */,
			);
			runOnlyForDeploymentPostprocessing = 0;
		};
		48CACD2127054C9100488335 /* Resources */ = {
			isa = PBXResourcesBuildPhase;
			buildActionMask = 2147483647;
			files = (
				48CACD3027054C9100488335 /* Assets.xcassets in Resources */,
			);
			runOnlyForDeploymentPostprocessing = 0;
		};
		48CACD2727054C9100488335 /* Resources */ = {
			isa = PBXResourcesBuildPhase;
			buildActionMask = 2147483647;
			files = (
				48CACD3127054C9100488335 /* Assets.xcassets in Resources */,
			);
			runOnlyForDeploymentPostprocessing = 0;
		};
/* End PBXResourcesBuildPhase section */

/* Begin PBXSourcesBuildPhase section */
		487738D027094FCE00424DF3 /* Sources */ = {
			isa = PBXSourcesBuildPhase;
			buildActionMask = 2147483647;
			files = (
				487738DC27094FCE00424DF3 /* DesignCodeWidget.swift in Sources */,
				487738EA270950E500424DF3 /* CourseSection.swift in Sources */,
				487738E127094FD200424DF3 /* DesignCodeWidget.intentdefinition in Sources */,
				487738ED2709521700424DF3 /* CourseRow.swift in Sources */,
			);
			runOnlyForDeploymentPostprocessing = 0;
		};
		48CACD1F27054C9100488335 /* Sources */ = {
			isa = PBXSourcesBuildPhase;
			buildActionMask = 2147483647;
			files = (
				487738A127093E6E00424DF3 /* Course.swift in Sources */,
				487738C727094C1500424DF3 /* CourseSectionDetail.swift in Sources */,
				487738B22709459D00424DF3 /* LivestreamSection.swift in Sources */,
				487738C527094A6F00424DF3 /* TabBar.swift in Sources */,
				487738962709283700424DF3 /* Sidebar.swift in Sources */,
				487738B82709459D00424DF3 /* TutorialSection.swift in Sources */,
				4877389B2709304900424DF3 /* CourseItem.swift in Sources */,
				487738CE27094E9300424DF3 /* LibraryContent.swift in Sources */,
				487738A92709455E00424DF3 /* CourseDetail.swift in Sources */,
				487738B42709459D00424DF3 /* GradientModel.swift in Sources */,
				487738BE2709459D00424DF3 /* CourseSection.swift in Sources */,
				487738BC2709459D00424DF3 /* Livestream.swift in Sources */,
				487738B62709459D00424DF3 /* Tutorial.swift in Sources */,
				487738A6270943FC00424DF3 /* CloseButton.swift in Sources */,
				487738BA2709459D00424DF3 /* Download.swift in Sources */,
				487738E227094FD200424DF3 /* DesignCodeWidget.intentdefinition in Sources */,
				48CACD2E27054C9100488335 /* ContentView.swift in Sources */,
				48773890270924EE00424DF3 /* CourseRow.swift in Sources */,
				48CACD2C27054C9100488335 /* DesignCodeApp.swift in Sources */,
				487738C32709477200424DF3 /* VisualEffectBlur.swift in Sources */,
				487738932709274200424DF3 /* CoursesView.swift in Sources */,
				4877389E2709306B00424DF3 /* CourseList.swift in Sources */,
			);
			runOnlyForDeploymentPostprocessing = 0;
		};
		48CACD2527054C9100488335 /* Sources */ = {
			isa = PBXSourcesBuildPhase;
			buildActionMask = 2147483647;
			files = (
				487738A227093E6E00424DF3 /* Course.swift in Sources */,
				487738B32709459D00424DF3 /* LivestreamSection.swift in Sources */,
				487738972709283700424DF3 /* Sidebar.swift in Sources */,
				487738B92709459D00424DF3 /* TutorialSection.swift in Sources */,
				4877389C2709304900424DF3 /* CourseItem.swift in Sources */,
				487738AA2709455E00424DF3 /* CourseDetail.swift in Sources */,
				487738B52709459D00424DF3 /* GradientModel.swift in Sources */,
				487738BF2709459D00424DF3 /* CourseSection.swift in Sources */,
				487738C827094C3B00424DF3 /* CourseSectionDetail.swift in Sources */,
				487738BD2709459D00424DF3 /* Livestream.swift in Sources */,
				487738B72709459D00424DF3 /* Tutorial.swift in Sources */,
				487738A7270943FC00424DF3 /* CloseButton.swift in Sources */,
				487738BB2709459D00424DF3 /* Download.swift in Sources */,
				48CACD2F27054C9100488335 /* ContentView.swift in Sources */,
				48773891270924EE00424DF3 /* CourseRow.swift in Sources */,
				48CACD2D27054C9100488335 /* DesignCodeApp.swift in Sources */,
				487738C12709476000424DF3 /* VisualEffectBlur.swift in Sources */,
				487738942709274200424DF3 /* CoursesView.swift in Sources */,
				487738CF27094E9300424DF3 /* LibraryContent.swift in Sources */,
				4877389F2709306B00424DF3 /* CourseList.swift in Sources */,
			);
			runOnlyForDeploymentPostprocessing = 0;
		};
/* End PBXSourcesBuildPhase section */

/* Begin PBXTargetDependency section */
		487738E427094FD200424DF3 /* PBXTargetDependency */ = {
			isa = PBXTargetDependency;
			target = 487738D327094FCE00424DF3 /* DesignCodeWidgetExtension */;
			targetProxy = 487738E327094FD200424DF3 /* PBXContainerItemProxy */;
		};
/* End PBXTargetDependency section */

/* Begin XCBuildConfiguration section */
		487738E727094FD200424DF3 /* Debug */ = {
			isa = XCBuildConfiguration;
			buildSettings = {
				ASSETCATALOG_COMPILER_GLOBAL_ACCENT_COLOR_NAME = AccentColor;
				ASSETCATALOG_COMPILER_WIDGET_BACKGROUND_COLOR_NAME = WidgetBackground;
				CODE_SIGN_STYLE = Automatic;
				CURRENT_PROJECT_VERSION = 1;
				DEVELOPMENT_TEAM = NRYEB3CVX3;
				GENERATE_INFOPLIST_FILE = YES;
				INFOPLIST_FILE = DesignCodeWidget/Info.plist;
				INFOPLIST_KEY_CFBundleDisplayName = DesignCodeWidget;
				INFOPLIST_KEY_NSHumanReadableCopyright = "";
				IPHONEOS_DEPLOYMENT_TARGET = 15.0;
				LD_RUNPATH_SEARCH_PATHS = (
					"$(inherited)",
					"@executable_path/Frameworks",
					"@executable_path/../../Frameworks",
				);
				MARKETING_VERSION = 1.0;
				PRODUCT_BUNDLE_IDENTIFIER = io.telo.DesignCode.DesignCodeWidget;
				PRODUCT_NAME = "$(TARGET_NAME)";
				SDKROOT = iphoneos;
				SKIP_INSTALL = YES;
				SWIFT_EMIT_LOC_STRINGS = YES;
				SWIFT_VERSION = 5.0;
				TARGETED_DEVICE_FAMILY = "1,2";
			};
			name = Debug;
		};
		487738E827094FD200424DF3 /* Release */ = {
			isa = XCBuildConfiguration;
			buildSettings = {
				ASSETCATALOG_COMPILER_GLOBAL_ACCENT_COLOR_NAME = AccentColor;
				ASSETCATALOG_COMPILER_WIDGET_BACKGROUND_COLOR_NAME = WidgetBackground;
				CODE_SIGN_STYLE = Automatic;
				CURRENT_PROJECT_VERSION = 1;
				DEVELOPMENT_TEAM = NRYEB3CVX3;
				GENERATE_INFOPLIST_FILE = YES;
				INFOPLIST_FILE = DesignCodeWidget/Info.plist;
				INFOPLIST_KEY_CFBundleDisplayName = DesignCodeWidget;
				INFOPLIST_KEY_NSHumanReadableCopyright = "";
				IPHONEOS_DEPLOYMENT_TARGET = 15.0;
				LD_RUNPATH_SEARCH_PATHS = (
					"$(inherited)",
					"@executable_path/Frameworks",
					"@executable_path/../../Frameworks",
				);
				MARKETING_VERSION = 1.0;
				PRODUCT_BUNDLE_IDENTIFIER = io.telo.DesignCode.DesignCodeWidget;
				PRODUCT_NAME = "$(TARGET_NAME)";
				SDKROOT = iphoneos;
				SKIP_INSTALL = YES;
				SWIFT_EMIT_LOC_STRINGS = YES;
				SWIFT_VERSION = 5.0;
				TARGETED_DEVICE_FAMILY = "1,2";
				VALIDATE_PRODUCT = YES;
			};
			name = Release;
		};
		48CACD3227054C9100488335 /* Debug */ = {
			isa = XCBuildConfiguration;
			buildSettings = {
				ALWAYS_SEARCH_USER_PATHS = NO;
				CLANG_ANALYZER_NONNULL = YES;
				CLANG_ANALYZER_NUMBER_OBJECT_CONVERSION = YES_AGGRESSIVE;
				CLANG_CXX_LANGUAGE_STANDARD = "gnu++17";
				CLANG_CXX_LIBRARY = "libc++";
				CLANG_ENABLE_MODULES = YES;
				CLANG_ENABLE_OBJC_ARC = YES;
				CLANG_ENABLE_OBJC_WEAK = YES;
				CLANG_WARN_BLOCK_CAPTURE_AUTORELEASING = YES;
				CLANG_WARN_BOOL_CONVERSION = YES;
				CLANG_WARN_COMMA = YES;
				CLANG_WARN_CONSTANT_CONVERSION = YES;
				CLANG_WARN_DEPRECATED_OBJC_IMPLEMENTATIONS = YES;
				CLANG_WARN_DIRECT_OBJC_ISA_USAGE = YES_ERROR;
				CLANG_WARN_DOCUMENTATION_COMMENTS = YES;
				CLANG_WARN_EMPTY_BODY = YES;
				CLANG_WARN_ENUM_CONVERSION = YES;
				CLANG_WARN_INFINITE_RECURSION = YES;
				CLANG_WARN_INT_CONVERSION = YES;
				CLANG_WARN_NON_LITERAL_NULL_CONVERSION = YES;
				CLANG_WARN_OBJC_IMPLICIT_RETAIN_SELF = YES;
				CLANG_WARN_OBJC_LITERAL_CONVERSION = YES;
				CLANG_WARN_OBJC_ROOT_CLASS = YES_ERROR;
				CLANG_WARN_QUOTED_INCLUDE_IN_FRAMEWORK_HEADER = YES;
				CLANG_WARN_RANGE_LOOP_ANALYSIS = YES;
				CLANG_WARN_STRICT_PROTOTYPES = YES;
				CLANG_WARN_SUSPICIOUS_MOVE = YES;
				CLANG_WARN_UNGUARDED_AVAILABILITY = YES_AGGRESSIVE;
				CLANG_WARN_UNREACHABLE_CODE = YES;
				CLANG_WARN__DUPLICATE_METHOD_MATCH = YES;
				COPY_PHASE_STRIP = NO;
				DEBUG_INFORMATION_FORMAT = dwarf;
				ENABLE_STRICT_OBJC_MSGSEND = YES;
				ENABLE_TESTABILITY = YES;
				GCC_C_LANGUAGE_STANDARD = gnu11;
				GCC_DYNAMIC_NO_PIC = NO;
				GCC_NO_COMMON_BLOCKS = YES;
				GCC_OPTIMIZATION_LEVEL = 0;
				GCC_PREPROCESSOR_DEFINITIONS = (
					"DEBUG=1",
					"$(inherited)",
				);
				GCC_WARN_64_TO_32_BIT_CONVERSION = YES;
				GCC_WARN_ABOUT_RETURN_TYPE = YES_ERROR;
				GCC_WARN_UNDECLARED_SELECTOR = YES;
				GCC_WARN_UNINITIALIZED_AUTOS = YES_AGGRESSIVE;
				GCC_WARN_UNUSED_FUNCTION = YES;
				GCC_WARN_UNUSED_VARIABLE = YES;
				MTL_ENABLE_DEBUG_INFO = INCLUDE_SOURCE;
				MTL_FAST_MATH = YES;
				ONLY_ACTIVE_ARCH = YES;
				SWIFT_ACTIVE_COMPILATION_CONDITIONS = DEBUG;
				SWIFT_OPTIMIZATION_LEVEL = "-Onone";
			};
			name = Debug;
		};
		48CACD3327054C9100488335 /* Release */ = {
			isa = XCBuildConfiguration;
			buildSettings = {
				ALWAYS_SEARCH_USER_PATHS = NO;
				CLANG_ANALYZER_NONNULL = YES;
				CLANG_ANALYZER_NUMBER_OBJECT_CONVERSION = YES_AGGRESSIVE;
				CLANG_CXX_LANGUAGE_STANDARD = "gnu++17";
				CLANG_CXX_LIBRARY = "libc++";
				CLANG_ENABLE_MODULES = YES;
				CLANG_ENABLE_OBJC_ARC = YES;
				CLANG_ENABLE_OBJC_WEAK = YES;
				CLANG_WARN_BLOCK_CAPTURE_AUTORELEASING = YES;
				CLANG_WARN_BOOL_CONVERSION = YES;
				CLANG_WARN_COMMA = YES;
				CLANG_WARN_CONSTANT_CONVERSION = YES;
				CLANG_WARN_DEPRECATED_OBJC_IMPLEMENTATIONS = YES;
				CLANG_WARN_DIRECT_OBJC_ISA_USAGE = YES_ERROR;
				CLANG_WARN_DOCUMENTATION_COMMENTS = YES;
				CLANG_WARN_EMPTY_BODY = YES;
				CLANG_WARN_ENUM_CONVERSION = YES;
				CLANG_WARN_INFINITE_RECURSION = YES;
				CLANG_WARN_INT_CONVERSION = YES;
				CLANG_WARN_NON_LITERAL_NULL_CONVERSION = YES;
				CLANG_WARN_OBJC_IMPLICIT_RETAIN_SELF = YES;
				CLANG_WARN_OBJC_LITERAL_CONVERSION = YES;
				CLANG_WARN_OBJC_ROOT_CLASS = YES_ERROR;
				CLANG_WARN_QUOTED_INCLUDE_IN_FRAMEWORK_HEADER = YES;
				CLANG_WARN_RANGE_LOOP_ANALYSIS = YES;
				CLANG_WARN_STRICT_PROTOTYPES = YES;
				CLANG_WARN_SUSPICIOUS_MOVE = YES;
				CLANG_WARN_UNGUARDED_AVAILABILITY = YES_AGGRESSIVE;
				CLANG_WARN_UNREACHABLE_CODE = YES;
				CLANG_WARN__DUPLICATE_METHOD_MATCH = YES;
				COPY_PHASE_STRIP = NO;
				DEBUG_INFORMATION_FORMAT = "dwarf-with-dsym";
				ENABLE_NS_ASSERTIONS = NO;
				ENABLE_STRICT_OBJC_MSGSEND = YES;
				GCC_C_LANGUAGE_STANDARD = gnu11;
				GCC_NO_COMMON_BLOCKS = YES;
				GCC_WARN_64_TO_32_BIT_CONVERSION = YES;
				GCC_WARN_ABOUT_RETURN_TYPE = YES_ERROR;
				GCC_WARN_UNDECLARED_SELECTOR = YES;
				GCC_WARN_UNINITIALIZED_AUTOS = YES_AGGRESSIVE;
				GCC_WARN_UNUSED_FUNCTION = YES;
				GCC_WARN_UNUSED_VARIABLE = YES;
				MTL_ENABLE_DEBUG_INFO = NO;
				MTL_FAST_MATH = YES;
				SWIFT_COMPILATION_MODE = wholemodule;
				SWIFT_OPTIMIZATION_LEVEL = "-O";
			};
			name = Release;
		};
		48CACD3527054C9100488335 /* Debug */ = {
			isa = XCBuildConfiguration;
			buildSettings = {
				ALWAYS_EMBED_SWIFT_STANDARD_LIBRARIES = YES;
				ASSETCATALOG_COMPILER_APPICON_NAME = AppIcon;
				ASSETCATALOG_COMPILER_GLOBAL_ACCENT_COLOR_NAME = AccentColor;
				CODE_SIGN_STYLE = Automatic;
				CURRENT_PROJECT_VERSION = 1;
				DEVELOPMENT_TEAM = NRYEB3CVX3;
				ENABLE_PREVIEWS = YES;
				GENERATE_INFOPLIST_FILE = YES;
				INFOPLIST_KEY_UIApplicationSceneManifest_Generation = YES;
				INFOPLIST_KEY_UIApplicationSupportsIndirectInputEvents = YES;
				INFOPLIST_KEY_UILaunchScreen_Generation = YES;
				INFOPLIST_KEY_UISupportedInterfaceOrientations_iPad = "UIInterfaceOrientationPortrait UIInterfaceOrientationPortraitUpsideDown UIInterfaceOrientationLandscapeLeft UIInterfaceOrientationLandscapeRight";
				INFOPLIST_KEY_UISupportedInterfaceOrientations_iPhone = "UIInterfaceOrientationPortrait UIInterfaceOrientationLandscapeLeft UIInterfaceOrientationLandscapeRight";
				IPHONEOS_DEPLOYMENT_TARGET = 14.0;
				LD_RUNPATH_SEARCH_PATHS = (
					"$(inherited)",
					"@executable_path/Frameworks",
				);
				MARKETING_VERSION = 1.0;
				PRODUCT_BUNDLE_IDENTIFIER = io.telo.DesignCode;
				PRODUCT_NAME = DesignCode;
				SDKROOT = iphoneos;
				SWIFT_EMIT_LOC_STRINGS = YES;
				SWIFT_VERSION = 5.0;
				TARGETED_DEVICE_FAMILY = "1,2";
			};
			name = Debug;
		};
		48CACD3627054C9100488335 /* Release */ = {
			isa = XCBuildConfiguration;
			buildSettings = {
				ALWAYS_EMBED_SWIFT_STANDARD_LIBRARIES = YES;
				ASSETCATALOG_COMPILER_APPICON_NAME = AppIcon;
				ASSETCATALOG_COMPILER_GLOBAL_ACCENT_COLOR_NAME = AccentColor;
				CODE_SIGN_STYLE = Automatic;
				CURRENT_PROJECT_VERSION = 1;
				DEVELOPMENT_TEAM = NRYEB3CVX3;
				ENABLE_PREVIEWS = YES;
				GENERATE_INFOPLIST_FILE = YES;
				INFOPLIST_KEY_UIApplicationSceneManifest_Generation = YES;
				INFOPLIST_KEY_UIApplicationSupportsIndirectInputEvents = YES;
				INFOPLIST_KEY_UILaunchScreen_Generation = YES;
				INFOPLIST_KEY_UISupportedInterfaceOrientations_iPad = "UIInterfaceOrientationPortrait UIInterfaceOrientationPortraitUpsideDown UIInterfaceOrientationLandscapeLeft UIInterfaceOrientationLandscapeRight";
				INFOPLIST_KEY_UISupportedInterfaceOrientations_iPhone = "UIInterfaceOrientationPortrait UIInterfaceOrientationLandscapeLeft UIInterfaceOrientationLandscapeRight";
				IPHONEOS_DEPLOYMENT_TARGET = 14.0;
				LD_RUNPATH_SEARCH_PATHS = (
					"$(inherited)",
					"@executable_path/Frameworks",
				);
				MARKETING_VERSION = 1.0;
				PRODUCT_BUNDLE_IDENTIFIER = io.telo.DesignCode;
				PRODUCT_NAME = DesignCode;
				SDKROOT = iphoneos;
				SWIFT_EMIT_LOC_STRINGS = YES;
				SWIFT_VERSION = 5.0;
				TARGETED_DEVICE_FAMILY = "1,2";
				VALIDATE_PRODUCT = YES;
			};
			name = Release;
		};
		48CACD3827054C9100488335 /* Debug */ = {
			isa = XCBuildConfiguration;
			buildSettings = {
				ASSETCATALOG_COMPILER_APPICON_NAME = AppIcon;
				ASSETCATALOG_COMPILER_GLOBAL_ACCENT_COLOR_NAME = AccentColor;
				CODE_SIGN_ENTITLEMENTS = macOS/macOS.entitlements;
				CODE_SIGN_STYLE = Automatic;
				COMBINE_HIDPI_IMAGES = YES;
				CURRENT_PROJECT_VERSION = 1;
				DEVELOPMENT_TEAM = NRYEB3CVX3;
				ENABLE_HARDENED_RUNTIME = YES;
				ENABLE_PREVIEWS = YES;
				GENERATE_INFOPLIST_FILE = YES;
				INFOPLIST_KEY_NSHumanReadableCopyright = "";
				LD_RUNPATH_SEARCH_PATHS = (
					"$(inherited)",
					"@executable_path/../Frameworks",
				);
				MACOSX_DEPLOYMENT_TARGET = 11.0;
				MARKETING_VERSION = 1.0;
				PRODUCT_BUNDLE_IDENTIFIER = io.telo.DesignCode;
				PRODUCT_NAME = DesignCode;
				SDKROOT = macosx;
				SWIFT_EMIT_LOC_STRINGS = YES;
				SWIFT_VERSION = 5.0;
			};
			name = Debug;
		};
		48CACD3927054C9100488335 /* Release */ = {
			isa = XCBuildConfiguration;
			buildSettings = {
				ASSETCATALOG_COMPILER_APPICON_NAME = AppIcon;
				ASSETCATALOG_COMPILER_GLOBAL_ACCENT_COLOR_NAME = AccentColor;
				CODE_SIGN_ENTITLEMENTS = macOS/macOS.entitlements;
				CODE_SIGN_STYLE = Automatic;
				COMBINE_HIDPI_IMAGES = YES;
				CURRENT_PROJECT_VERSION = 1;
				DEVELOPMENT_TEAM = NRYEB3CVX3;
				ENABLE_HARDENED_RUNTIME = YES;
				ENABLE_PREVIEWS = YES;
				GENERATE_INFOPLIST_FILE = YES;
				INFOPLIST_KEY_NSHumanReadableCopyright = "";
				LD_RUNPATH_SEARCH_PATHS = (
					"$(inherited)",
					"@executable_path/../Frameworks",
				);
				MACOSX_DEPLOYMENT_TARGET = 11.0;
				MARKETING_VERSION = 1.0;
				PRODUCT_BUNDLE_IDENTIFIER = io.telo.DesignCode;
				PRODUCT_NAME = DesignCode;
				SDKROOT = macosx;
				SWIFT_EMIT_LOC_STRINGS = YES;
				SWIFT_VERSION = 5.0;
			};
			name = Release;
		};
/* End XCBuildConfiguration section */

/* Begin XCConfigurationList section */
		487738E627094FD200424DF3 /* Build configuration list for PBXNativeTarget "DesignCodeWidgetExtension" */ = {
			isa = XCConfigurationList;
			buildConfigurations = (
				487738E727094FD200424DF3 /* Debug */,
				487738E827094FD200424DF3 /* Release */,
			);
			defaultConfigurationIsVisible = 0;
			defaultConfigurationName = Release;
		};
		48CACD1A27054C8E00488335 /* Build configuration list for PBXProject "DesignCode" */ = {
			isa = XCConfigurationList;
			buildConfigurations = (
				48CACD3227054C9100488335 /* Debug */,
				48CACD3327054C9100488335 /* Release */,
			);
			defaultConfigurationIsVisible = 0;
			defaultConfigurationName = Release;
		};
		48CACD3427054C9100488335 /* Build configuration list for PBXNativeTarget "DesignCode (iOS)" */ = {
			isa = XCConfigurationList;
			buildConfigurations = (
				48CACD3527054C9100488335 /* Debug */,
				48CACD3627054C9100488335 /* Release */,
			);
			defaultConfigurationIsVisible = 0;
			defaultConfigurationName = Release;
		};
		48CACD3727054C9100488335 /* Build configuration list for PBXNativeTarget "DesignCode (macOS)" */ = {
			isa = XCConfigurationList;
			buildConfigurations = (
				48CACD3827054C9100488335 /* Debug */,
				48CACD3927054C9100488335 /* Release */,
			);
			defaultConfigurationIsVisible = 0;
			defaultConfigurationName = Release;
		};
/* End XCConfigurationList section */
	};
	rootObject = 48CACD1727054C8E00488335 /* Project object */;
}
